
Microsoft Visual Studio Solution File, Format Version 12.00
# Visual Studio Version 17
VisualStudioVersion = 17.5.33627.172
MinimumVisualStudioVersion = 10.0.40219.1
Project("{FAE04EC0-301F-11D3-BF4B-00C04F79EFBC}") = "GoogleCalendar_App", "GoogleCalendar_App\GoogleCalendar_App.csproj", "{E0AC9537-20CF-4D6B-B7AE-2556C3974E23}"
EndProject
Global
	GlobalSection(SolutionConfigurationPlatforms) = preSolution
		Debug|Any CPU = Debug|Any CPU
		Release|Any CPU = Release|Any CPU
	EndGlobalSection
	GlobalSection(ProjectConfigurationPlatforms) = postSolution
		{E0AC9537-20CF-4D6B-B7AE-2556C3974E23}.Debug|Any CPU.ActiveCfg = Debug|Any CPU
		{E0AC9537-20CF-4D6B-B7AE-2556C3974E23}.Debug|Any CPU.Build.0 = Debug|Any CPU
		{E0AC9537-20CF-4D6B-B7AE-2556C3974E23}.Release|Any CPU.ActiveCfg = Release|Any CPU
		{E0AC9537-20CF-4D6B-B7AE-2556C3974E23}.Release|Any CPU.Build.0 = Release|Any CPU
	EndGlobalSection
	GlobalSection(SolutionProperties) = preSolution
		HideSolutionNode = FALSE
	EndGlobalSection
	GlobalSection(ExtensibilityGlobals) = postSolution
		SolutionGuid = {AB179F30-E4A8-4521-B981-83B6CD8BFD69}
	EndGlobalSection
EndGlobal
